// !$*UTF8*$!
{
	archiveVersion = 1;
	classes = {
	};
	objectVersion = 46;
	objects = {

/* Begin PBXBuildFile section */
		C6480EE31C16B902007F7DE5 /* AppDelegate.swift in Sources */ = {isa = PBXBuildFile; fileRef = C6480EE21C16B902007F7DE5 /* AppDelegate.swift */; };
		C6480EE81C16B902007F7DE5 /* Main.storyboard in Resources */ = {isa = PBXBuildFile; fileRef = C6480EE61C16B902007F7DE5 /* Main.storyboard */; };
		C6480EEA1C16B902007F7DE5 /* Assets.xcassets in Resources */ = {isa = PBXBuildFile; fileRef = C6480EE91C16B902007F7DE5 /* Assets.xcassets */; };
		C6480EED1C16B902007F7DE5 /* LaunchScreen.storyboard in Resources */ = {isa = PBXBuildFile; fileRef = C6480EEB1C16B902007F7DE5 /* LaunchScreen.storyboard */; };
		C6480EF81C16B902007F7DE5 /* SubjectiveBingoTests.swift in Sources */ = {isa = PBXBuildFile; fileRef = C6480EF71C16B902007F7DE5 /* SubjectiveBingoTests.swift */; };
		C6480F031C16B902007F7DE5 /* SubjectiveBingoUITests.swift in Sources */ = {isa = PBXBuildFile; fileRef = C6480F021C16B902007F7DE5 /* SubjectiveBingoUITests.swift */; };
		C6480F111C16B922007F7DE5 /* ZHGameKitHelper.swift in Sources */ = {isa = PBXBuildFile; fileRef = C6480F101C16B922007F7DE5 /* ZHGameKitHelper.swift */; };
		C6480F131C16B949007F7DE5 /* ZHTilesTableViewController.swift in Sources */ = {isa = PBXBuildFile; fileRef = C6480F121C16B949007F7DE5 /* ZHTilesTableViewController.swift */; };
/* End PBXBuildFile section */

/* Begin PBXContainerItemProxy section */
		C6480EF41C16B902007F7DE5 /* PBXContainerItemProxy */ = {
			isa = PBXContainerItemProxy;
			containerPortal = C6480ED71C16B902007F7DE5 /* Project object */;
			proxyType = 1;
			remoteGlobalIDString = C6480EDE1C16B902007F7DE5;
			remoteInfo = SubjectiveBingo;
		};
		C6480EFF1C16B902007F7DE5 /* PBXContainerItemProxy */ = {
			isa = PBXContainerItemProxy;
			containerPortal = C6480ED71C16B902007F7DE5 /* Project object */;
			proxyType = 1;
			remoteGlobalIDString = C6480EDE1C16B902007F7DE5;
			remoteInfo = SubjectiveBingo;
		};
/* End PBXContainerItemProxy section */

/* Begin PBXFileReference section */
		C6480EDF1C16B902007F7DE5 /* SubjectiveBingo.app */ = {isa = PBXFileReference; explicitFileType = wrapper.application; includeInIndex = 0; path = SubjectiveBingo.app; sourceTree = BUILT_PRODUCTS_DIR; };
		C6480EE21C16B902007F7DE5 /* AppDelegate.swift */ = {isa = PBXFileReference; lastKnownFileType = sourcecode.swift; path = AppDelegate.swift; sourceTree = "<group>"; };
		C6480EE71C16B902007F7DE5 /* Base */ = {isa = PBXFileReference; lastKnownFileType = file.storyboard; name = Base; path = Base.lproj/Main.storyboard; sourceTree = "<group>"; };
		C6480EE91C16B902007F7DE5 /* Assets.xcassets */ = {isa = PBXFileReference; lastKnownFileType = folder.assetcatalog; path = Assets.xcassets; sourceTree = "<group>"; };
		C6480EEC1C16B902007F7DE5 /* Base */ = {isa = PBXFileReference; lastKnownFileType = file.storyboard; name = Base; path = Base.lproj/LaunchScreen.storyboard; sourceTree = "<group>"; };
		C6480EEE1C16B902007F7DE5 /* Info.plist */ = {isa = PBXFileReference; lastKnownFileType = text.plist.xml; path = Info.plist; sourceTree = "<group>"; };
		C6480EF31C16B902007F7DE5 /* SubjectiveBingoTests.xctest */ = {isa = PBXFileReference; explicitFileType = wrapper.cfbundle; includeInIndex = 0; path = SubjectiveBingoTests.xctest; sourceTree = BUILT_PRODUCTS_DIR; };
		C6480EF71C16B902007F7DE5 /* SubjectiveBingoTests.swift */ = {isa = PBXFileReference; lastKnownFileType = sourcecode.swift; path = SubjectiveBingoTests.swift; sourceTree = "<group>"; };
		C6480EF91C16B902007F7DE5 /* Info.plist */ = {isa = PBXFileReference; lastKnownFileType = text.plist.xml; path = Info.plist; sourceTree = "<group>"; };
		C6480EFE1C16B902007F7DE5 /* SubjectiveBingoUITests.xctest */ = {isa = PBXFileReference; explicitFileType = wrapper.cfbundle; includeInIndex = 0; path = SubjectiveBingoUITests.xctest; sourceTree = BUILT_PRODUCTS_DIR; };
		C6480F021C16B902007F7DE5 /* SubjectiveBingoUITests.swift */ = {isa = PBXFileReference; lastKnownFileType = sourcecode.swift; path = SubjectiveBingoUITests.swift; sourceTree = "<group>"; };
		C6480F041C16B902007F7DE5 /* Info.plist */ = {isa = PBXFileReference; lastKnownFileType = text.plist.xml; path = Info.plist; sourceTree = "<group>"; };
		C6480F101C16B922007F7DE5 /* ZHGameKitHelper.swift */ = {isa = PBXFileReference; fileEncoding = 4; lastKnownFileType = sourcecode.swift; path = ZHGameKitHelper.swift; sourceTree = "<group>"; };
		C6480F121C16B949007F7DE5 /* ZHTilesTableViewController.swift */ = {isa = PBXFileReference; fileEncoding = 4; lastKnownFileType = sourcecode.swift; path = ZHTilesTableViewController.swift; sourceTree = "<group>"; };
/* End PBXFileReference section */

/* Begin PBXFrameworksBuildPhase section */
		C6480EDC1C16B902007F7DE5 /* Frameworks */ = {
			isa = PBXFrameworksBuildPhase;
			buildActionMask = 2147483647;
			files = (
			);
			runOnlyForDeploymentPostprocessing = 0;
		};
		C6480EF01C16B902007F7DE5 /* Frameworks */ = {
			isa = PBXFrameworksBuildPhase;
			buildActionMask = 2147483647;
			files = (
			);
			runOnlyForDeploymentPostprocessing = 0;
		};
		C6480EFB1C16B902007F7DE5 /* Frameworks */ = {
			isa = PBXFrameworksBuildPhase;
			buildActionMask = 2147483647;
			files = (
			);
			runOnlyForDeploymentPostprocessing = 0;
		};
/* End PBXFrameworksBuildPhase section */

/* Begin PBXGroup section */
		C6480ED61C16B902007F7DE5 = {
			isa = PBXGroup;
			children = (
				C6480EE11C16B902007F7DE5 /* SubjectiveBingo */,
				C6480EF61C16B902007F7DE5 /* SubjectiveBingoTests */,
				C6480F011C16B902007F7DE5 /* SubjectiveBingoUITests */,
				C6480EE01C16B902007F7DE5 /* Products */,
			);
			sourceTree = "<group>";
		};
		C6480EE01C16B902007F7DE5 /* Products */ = {
			isa = PBXGroup;
			children = (
				C6480EDF1C16B902007F7DE5 /* SubjectiveBingo.app */,
				C6480EF31C16B902007F7DE5 /* SubjectiveBingoTests.xctest */,
				C6480EFE1C16B902007F7DE5 /* SubjectiveBingoUITests.xctest */,
			);
			name = Products;
			sourceTree = "<group>";
		};
		C6480EE11C16B902007F7DE5 /* SubjectiveBingo */ = {
			isa = PBXGroup;
			children = (
				C6480EE21C16B902007F7DE5 /* AppDelegate.swift */,
				C6480EE61C16B902007F7DE5 /* Main.storyboard */,
				C6480EE91C16B902007F7DE5 /* Assets.xcassets */,
				C6480EEB1C16B902007F7DE5 /* LaunchScreen.storyboard */,
				C6480EEE1C16B902007F7DE5 /* Info.plist */,
				C6480F101C16B922007F7DE5 /* ZHGameKitHelper.swift */,
				C6480F121C16B949007F7DE5 /* ZHTilesTableViewController.swift */,
			);
			path = SubjectiveBingo;
			sourceTree = "<group>";
		};
		C6480EF61C16B902007F7DE5 /* SubjectiveBingoTests */ = {
			isa = PBXGroup;
			children = (
				C6480EF71C16B902007F7DE5 /* SubjectiveBingoTests.swift */,
				C6480EF91C16B902007F7DE5 /* Info.plist */,
			);
			path = SubjectiveBingoTests;
			sourceTree = "<group>";
		};
		C6480F011C16B902007F7DE5 /* SubjectiveBingoUITests */ = {
			isa = PBXGroup;
			children = (
				C6480F021C16B902007F7DE5 /* SubjectiveBingoUITests.swift */,
				C6480F041C16B902007F7DE5 /* Info.plist */,
			);
			path = SubjectiveBingoUITests;
			sourceTree = "<group>";
		};
/* End PBXGroup section */

/* Begin PBXNativeTarget section */
		C6480EDE1C16B902007F7DE5 /* SubjectiveBingo */ = {
			isa = PBXNativeTarget;
			buildConfigurationList = C6480F071C16B902007F7DE5 /* Build configuration list for PBXNativeTarget "SubjectiveBingo" */;
			buildPhases = (
				C6480EDB1C16B902007F7DE5 /* Sources */,
				C6480EDC1C16B902007F7DE5 /* Frameworks */,
				C6480EDD1C16B902007F7DE5 /* Resources */,
			);
			buildRules = (
			);
			dependencies = (
			);
			name = SubjectiveBingo;
			productName = SubjectiveBingo;
			productReference = C6480EDF1C16B902007F7DE5 /* SubjectiveBingo.app */;
			productType = "com.apple.product-type.application";
		};
		C6480EF21C16B902007F7DE5 /* SubjectiveBingoTests */ = {
			isa = PBXNativeTarget;
			buildConfigurationList = C6480F0A1C16B902007F7DE5 /* Build configuration list for PBXNativeTarget "SubjectiveBingoTests" */;
			buildPhases = (
				C6480EEF1C16B902007F7DE5 /* Sources */,
				C6480EF01C16B902007F7DE5 /* Frameworks */,
				C6480EF11C16B902007F7DE5 /* Resources */,
			);
			buildRules = (
			);
			dependencies = (
				C6480EF51C16B902007F7DE5 /* PBXTargetDependency */,
			);
			name = SubjectiveBingoTests;
			productName = SubjectiveBingoTests;
			productReference = C6480EF31C16B902007F7DE5 /* SubjectiveBingoTests.xctest */;
			productType = "com.apple.product-type.bundle.unit-test";
		};
		C6480EFD1C16B902007F7DE5 /* SubjectiveBingoUITests */ = {
			isa = PBXNativeTarget;
			buildConfigurationList = C6480F0D1C16B902007F7DE5 /* Build configuration list for PBXNativeTarget "SubjectiveBingoUITests" */;
			buildPhases = (
				C6480EFA1C16B902007F7DE5 /* Sources */,
				C6480EFB1C16B902007F7DE5 /* Frameworks */,
				C6480EFC1C16B902007F7DE5 /* Resources */,
			);
			buildRules = (
			);
			dependencies = (
				C6480F001C16B902007F7DE5 /* PBXTargetDependency */,
			);
			name = SubjectiveBingoUITests;
			productName = SubjectiveBingoUITests;
			productReference = C6480EFE1C16B902007F7DE5 /* SubjectiveBingoUITests.xctest */;
			productType = "com.apple.product-type.bundle.ui-testing";
		};
/* End PBXNativeTarget section */

/* Begin PBXProject section */
		C6480ED71C16B902007F7DE5 /* Project object */ = {
			isa = PBXProject;
			attributes = {
				LastSwiftUpdateCheck = 0710;
				LastUpgradeCheck = 0710;
				ORGANIZATIONNAME = "Zakk Hoyt";
				TargetAttributes = {
					C6480EDE1C16B902007F7DE5 = {
						CreatedOnToolsVersion = 7.1.1;
					};
					C6480EF21C16B902007F7DE5 = {
						CreatedOnToolsVersion = 7.1.1;
						TestTargetID = C6480EDE1C16B902007F7DE5;
					};
					C6480EFD1C16B902007F7DE5 = {
						CreatedOnToolsVersion = 7.1.1;
						TestTargetID = C6480EDE1C16B902007F7DE5;
					};
				};
			};
			buildConfigurationList = C6480EDA1C16B902007F7DE5 /* Build configuration list for PBXProject "SubjectiveBingo" */;
			compatibilityVersion = "Xcode 3.2";
			developmentRegion = English;
			hasScannedForEncodings = 0;
			knownRegions = (
				en,
				Base,
			);
			mainGroup = C6480ED61C16B902007F7DE5;
			productRefGroup = C6480EE01C16B902007F7DE5 /* Products */;
			projectDirPath = "";
			projectRoot = "";
			targets = (
				C6480EDE1C16B902007F7DE5 /* SubjectiveBingo */,
				C6480EF21C16B902007F7DE5 /* SubjectiveBingoTests */,
				C6480EFD1C16B902007F7DE5 /* SubjectiveBingoUITests */,
			);
		};
/* End PBXProject section */

/* Begin PBXResourcesBuildPhase section */
		C6480EDD1C16B902007F7DE5 /* Resources */ = {
			isa = PBXResourcesBuildPhase;
			buildActionMask = 2147483647;
			files = (
				C6480EED1C16B902007F7DE5 /* LaunchScreen.storyboard in Resources */,
				C6480EEA1C16B902007F7DE5 /* Assets.xcassets in Resources */,
				C6480EE81C16B902007F7DE5 /* Main.storyboard in Resources */,
			);
			runOnlyForDeploymentPostprocessing = 0;
		};
		C6480EF11C16B902007F7DE5 /* Resources */ = {
			isa = PBXResourcesBuildPhase;
			buildActionMask = 2147483647;
			files = (
			);
			runOnlyForDeploymentPostprocessing = 0;
		};
		C6480EFC1C16B902007F7DE5 /* Resources */ = {
			isa = PBXResourcesBuildPhase;
			buildActionMask = 2147483647;
			files = (
			);
			runOnlyForDeploymentPostprocessing = 0;
		};
/* End PBXResourcesBuildPhase section */

/* Begin PBXSourcesBuildPhase section */
		C6480EDB1C16B902007F7DE5 /* Sources */ = {
			isa = PBXSourcesBuildPhase;
			buildActionMask = 2147483647;
			files = (
				C6480F111C16B922007F7DE5 /* ZHGameKitHelper.swift in Sources */,
				C6480F131C16B949007F7DE5 /* ZHTilesTableViewController.swift in Sources */,
				C6480EE31C16B902007F7DE5 /* AppDelegate.swift in Sources */,
			);
			runOnlyForDeploymentPostprocessing = 0;
		};
		C6480EEF1C16B902007F7DE5 /* Sources */ = {
			isa = PBXSourcesBuildPhase;
			buildActionMask = 2147483647;
			files = (
				C6480EF81C16B902007F7DE5 /* SubjectiveBingoTests.swift in Sources */,
			);
			runOnlyForDeploymentPostprocessing = 0;
		};
		C6480EFA1C16B902007F7DE5 /* Sources */ = {
			isa = PBXSourcesBuildPhase;
			buildActionMask = 2147483647;
			files = (
				C6480F031C16B902007F7DE5 /* SubjectiveBingoUITests.swift in Sources */,
			);
			runOnlyForDeploymentPostprocessing = 0;
		};
/* End PBXSourcesBuildPhase section */

/* Begin PBXTargetDependency section */
		C6480EF51C16B902007F7DE5 /* PBXTargetDependency */ = {
			isa = PBXTargetDependency;
			target = C6480EDE1C16B902007F7DE5 /* SubjectiveBingo */;
			targetProxy = C6480EF41C16B902007F7DE5 /* PBXContainerItemProxy */;
		};
		C6480F001C16B902007F7DE5 /* PBXTargetDependency */ = {
			isa = PBXTargetDependency;
			target = C6480EDE1C16B902007F7DE5 /* SubjectiveBingo */;
			targetProxy = C6480EFF1C16B902007F7DE5 /* PBXContainerItemProxy */;
		};
/* End PBXTargetDependency section */

/* Begin PBXVariantGroup section */
		C6480EE61C16B902007F7DE5 /* Main.storyboard */ = {
			isa = PBXVariantGroup;
			children = (
				C6480EE71C16B902007F7DE5 /* Base */,
			);
			name = Main.storyboard;
			sourceTree = "<group>";
		};
		C6480EEB1C16B902007F7DE5 /* LaunchScreen.storyboard */ = {
			isa = PBXVariantGroup;
			children = (
				C6480EEC1C16B902007F7DE5 /* Base */,
			);
			name = LaunchScreen.storyboard;
			sourceTree = "<group>";
		};
/* End PBXVariantGroup section */

/* Begin XCBuildConfiguration section */
		C6480F051C16B902007F7DE5 /* Debug */ = {
			isa = XCBuildConfiguration;
			buildSettings = {
				ALWAYS_SEARCH_USER_PATHS = NO;
				CLANG_CXX_LANGUAGE_STANDARD = "gnu++0x";
				CLANG_CXX_LIBRARY = "libc++";
				CLANG_ENABLE_MODULES = YES;
				CLANG_ENABLE_OBJC_ARC = YES;
				CLANG_WARN_BOOL_CONVERSION = YES;
				CLANG_WARN_CONSTANT_CONVERSION = YES;
				CLANG_WARN_DIRECT_OBJC_ISA_USAGE = YES_ERROR;
				CLANG_WARN_EMPTY_BODY = YES;
				CLANG_WARN_ENUM_CONVERSION = YES;
				CLANG_WARN_INT_CONVERSION = YES;
				CLANG_WARN_OBJC_ROOT_CLASS = YES_ERROR;
				CLANG_WARN_UNREACHABLE_CODE = YES;
				CLANG_WARN__DUPLICATE_METHOD_MATCH = YES;
				"CODE_SIGN_IDENTITY[sdk=iphoneos*]" = "iPhone Developer";
				COPY_PHASE_STRIP = NO;
				DEBUG_INFORMATION_FORMAT = dwarf;
				ENABLE_STRICT_OBJC_MSGSEND = YES;
				ENABLE_TESTABILITY = YES;
				GCC_C_LANGUAGE_STANDARD = gnu99;
				GCC_DYNAMIC_NO_PIC = NO;
				GCC_NO_COMMON_BLOCKS = YES;
				GCC_OPTIMIZATION_LEVEL = 0;
				GCC_PREPROCESSOR_DEFINITIONS = (
					"DEBUG=1",
					"$(inherited)",
				);
				GCC_WARN_64_TO_32_BIT_CONVERSION = YES;
				GCC_WARN_ABOUT_RETURN_TYPE = YES_ERROR;
				GCC_WARN_UNDECLARED_SELECTOR = YES;
				GCC_WARN_UNINITIALIZED_AUTOS = YES_AGGRESSIVE;
				GCC_WARN_UNUSED_FUNCTION = YES;
				GCC_WARN_UNUSED_VARIABLE = YES;
				IPHONEOS_DEPLOYMENT_TARGET = 9.1;
				MTL_ENABLE_DEBUG_INFO = YES;
				ONLY_ACTIVE_ARCH = YES;
				SDKROOT = iphoneos;
				SWIFT_OPTIMIZATION_LEVEL = "-Onone";
				TARGETED_DEVICE_FAMILY = "1,2";
			};
			name = Debug;
		};
		C6480F061C16B902007F7DE5 /* Release */ = {
			isa = XCBuildConfiguration;
			buildSettings = {
				ALWAYS_SEARCH_USER_PATHS = NO;
				CLANG_CXX_LANGUAGE_STANDARD = "gnu++0x";
				CLANG_CXX_LIBRARY = "libc++";
				CLANG_ENABLE_MODULES = YES;
				CLANG_ENABLE_OBJC_ARC = YES;
				CLANG_WARN_BOOL_CONVERSION = YES;
				CLANG_WARN_CONSTANT_CONVERSION = YES;
				CLANG_WARN_DIRECT_OBJC_ISA_USAGE = YES_ERROR;
				CLANG_WARN_EMPTY_BODY = YES;
				CLANG_WARN_ENUM_CONVERSION = YES;
				CLANG_WARN_INT_CONVERSION = YES;
				CLANG_WARN_OBJC_ROOT_CLASS = YES_ERROR;
				CLANG_WARN_UNREACHABLE_CODE = YES;
				CLANG_WARN__DUPLICATE_METHOD_MATCH = YES;
				"CODE_SIGN_IDENTITY[sdk=iphoneos*]" = "iPhone Developer";
				COPY_PHASE_STRIP = NO;
				DEBUG_INFORMATION_FORMAT = "dwarf-with-dsym";
				ENABLE_NS_ASSERTIONS = NO;
				ENABLE_STRICT_OBJC_MSGSEND = YES;
				GCC_C_LANGUAGE_STANDARD = gnu99;
				GCC_NO_COMMON_BLOCKS = YES;
				GCC_WARN_64_TO_32_BIT_CONVERSION = YES;
				GCC_WARN_ABOUT_RETURN_TYPE = YES_ERROR;
				GCC_WARN_UNDECLARED_SELECTOR = YES;
				GCC_WARN_UNINITIALIZED_AUTOS = YES_AGGRESSIVE;
				GCC_WARN_UNUSED_FUNCTION = YES;
				GCC_WARN_UNUSED_VARIABLE = YES;
				IPHONEOS_DEPLOYMENT_TARGET = 9.1;
				MTL_ENABLE_DEBUG_INFO = NO;
				SDKROOT = iphoneos;
				TARGETED_DEVICE_FAMILY = "1,2";
				VALIDATE_PRODUCT = YES;
			};
			name = Release;
		};
		C6480F081C16B902007F7DE5 /* Debug */ = {
			isa = XCBuildConfiguration;
			buildSettings = {
				ASSETCATALOG_COMPILER_APPICON_NAME = AppIcon;
				INFOPLIST_FILE = SubjectiveBingo/Info.plist;
				LD_RUNPATH_SEARCH_PATHS = "$(inherited) @executable_path/Frameworks";
				PRODUCT_BUNDLE_IDENTIFIER = com.vaporwarewolf.SubjectiveBingo;
				PRODUCT_NAME = "$(TARGET_NAME)";
			};
			name = Debug;
		};
		C6480F091C16B902007F7DE5 /* Release */ = {
			isa = XCBuildConfiguration;
			buildSettings = {
				ASSETCATALOG_COMPILER_APPICON_NAME = AppIcon;
				INFOPLIST_FILE = SubjectiveBingo/Info.plist;
				LD_RUNPATH_SEARCH_PATHS = "$(inherited) @executable_path/Frameworks";
				PRODUCT_BUNDLE_IDENTIFIER = com.vaporwarewolf.SubjectiveBingo;
				PRODUCT_NAME = "$(TARGET_NAME)";
			};
			name = Release;
		};
		C6480F0B1C16B902007F7DE5 /* Debug */ = {
			isa = XCBuildConfiguration;
			buildSettings = {
				BUNDLE_LOADER = "$(TEST_HOST)";
				INFOPLIST_FILE = SubjectiveBingoTests/Info.plist;
				LD_RUNPATH_SEARCH_PATHS = "$(inherited) @executable_path/Frameworks @loader_path/Frameworks";
				PRODUCT_BUNDLE_IDENTIFIER = com.vaporwarewolf.SubjectiveBingoTests;
				PRODUCT_NAME = "$(TARGET_NAME)";
				TEST_HOST = "$(BUILT_PRODUCTS_DIR)/SubjectiveBingo.app/SubjectiveBingo";
			};
			name = Debug;
		};
		C6480F0C1C16B902007F7DE5 /* Release */ = {
			isa = XCBuildConfiguration;
			buildSettings = {
				BUNDLE_LOADER = "$(TEST_HOST)";
				INFOPLIST_FILE = SubjectiveBingoTests/Info.plist;
				LD_RUNPATH_SEARCH_PATHS = "$(inherited) @executable_path/Frameworks @loader_path/Frameworks";
				PRODUCT_BUNDLE_IDENTIFIER = com.vaporwarewolf.SubjectiveBingoTests;
				PRODUCT_NAME = "$(TARGET_NAME)";
				TEST_HOST = "$(BUILT_PRODUCTS_DIR)/SubjectiveBingo.app/SubjectiveBingo";
			};
			name = Release;
		};
		C6480F0E1C16B902007F7DE5 /* Debug */ = {
			isa = XCBuildConfiguration;
			buildSettings = {
				INFOPLIST_FILE = SubjectiveBingoUITests/Info.plist;
				LD_RUNPATH_SEARCH_PATHS = "$(inherited) @executable_path/Frameworks @loader_path/Frameworks";
				PRODUCT_BUNDLE_IDENTIFIER = com.vaporwarewolf.SubjectiveBingoUITests;
				PRODUCT_NAME = "$(TARGET_NAME)";
				TEST_TARGET_NAME = SubjectiveBingo;
				USES_XCTRUNNER = YES;
			};
			name = Debug;
		};
		C6480F0F1C16B902007F7DE5 /* Release */ = {
			isa = XCBuildConfiguration;
			buildSettings = {
				INFOPLIST_FILE = SubjectiveBingoUITests/Info.plist;
				LD_RUNPATH_SEARCH_PATHS = "$(inherited) @executable_path/Frameworks @loader_path/Frameworks";
				PRODUCT_BUNDLE_IDENTIFIER = com.vaporwarewolf.SubjectiveBingoUITests;
				PRODUCT_NAME = "$(TARGET_NAME)";
				TEST_TARGET_NAME = SubjectiveBingo;
				USES_XCTRUNNER = YES;
			};
			name = Release;
		};
/* End XCBuildConfiguration section */

/* Begin XCConfigurationList section */
		C6480EDA1C16B902007F7DE5 /* Build configuration list for PBXProject "SubjectiveBingo" */ = {
			isa = XCConfigurationList;
			buildConfigurations = (
				C6480F051C16B902007F7DE5 /* Debug */,
				C6480F061C16B902007F7DE5 /* Release */,
			);
			defaultConfigurationIsVisible = 0;
			defaultConfigurationName = Release;
		};
		C6480F071C16B902007F7DE5 /* Build configuration list for PBXNativeTarget "SubjectiveBingo" */ = {
			isa = XCConfigurationList;
			buildConfigurations = (
				C6480F081C16B902007F7DE5 /* Debug */,
				C6480F091C16B902007F7DE5 /* Release */,
			);
			defaultConfigurationIsVisible = 0;
		};
		C6480F0A1C16B902007F7DE5 /* Build configuration list for PBXNativeTarget "SubjectiveBingoTests" */ = {
			isa = XCConfigurationList;
			buildConfigurations = (
				C6480F0B1C16B902007F7DE5 /* Debug */,
				C6480F0C1C16B902007F7DE5 /* Release */,
			);
			defaultConfigurationIsVisible = 0;
		};
		C6480F0D1C16B902007F7DE5 /* Build configuration list for PBXNativeTarget "SubjectiveBingoUITests" */ = {
			isa = XCConfigurationList;
			buildConfigurations = (
				C6480F0E1C16B902007F7DE5 /* Debug */,
				C6480F0F1C16B902007F7DE5 /* Release */,
			);
			defaultConfigurationIsVisible = 0;
		};
/* End XCConfigurationList section */
	};
	rootObject = C6480ED71C16B902007F7DE5 /* Project object */;
}
